
Microsoft Visual Studio Solution File, Format Version 12.00
Project("{FAE04EC0-301F-11D3-BF4B-00C04F79EFBC}") = "AvaloniaWebViewTest", "AvaloniaWebViewTest\AvaloniaWebViewTest.csproj", "{D15BA0FB-04BB-4F20-813A-22FB91FF5443}"
EndProject
Global
	GlobalSection(SolutionConfigurationPlatforms) = preSolution
		Debug|Any CPU = Debug|Any CPU
		Release|Any CPU = Release|Any CPU
	EndGlobalSection
	GlobalSection(ProjectConfigurationPlatforms) = postSolution
		{D15BA0FB-04BB-4F20-813A-22FB91FF5443}.Debug|Any CPU.ActiveCfg = Debug|Any CPU
		{D15BA0FB-04BB-4F20-813A-22FB91FF5443}.Debug|Any CPU.Build.0 = Debug|Any CPU
		{D15BA0FB-04BB-4F20-813A-22FB91FF5443}.Release|Any CPU.ActiveCfg = Release|Any CPU
		{D15BA0FB-04BB-4F20-813A-22FB91FF5443}.Release|Any CPU.Build.0 = Release|Any CPU
	EndGlobalSection
EndGlobal
